
Microsoft Visual Studio Solution File, Format Version 12.00
# Visual Studio Version 17
VisualStudioVersion = 17.14.37111.16
MinimumVisualStudioVersion = 10.0.40219.1
Project("{FAE04EC0-301F-11D3-BF4B-00C04F79EFBC}") = "BulkyBookWeb", "BulkyWeb\BulkyBookWeb.csproj", "{68E3AAA8-2E4B-4C37-96AC-13BCD7AB42CE}"
EndProject
Project("{FAE04EC0-301F-11D3-BF4B-00C04F79EFBC}") = "BulkyBook.DataAccess", "Bulky.DataAccess\BulkyBook.DataAccess.csproj", "{FA6CFE81-CC79-430E-BE1E-77100DB2838D}"
EndProject
Project("{FAE04EC0-301F-11D3-BF4B-00C04F79EFBC}") = "BulkyBook.Models", "Bulky.Models\BulkyBook.Models.csproj", "{07B805C5-889E-4704-AAE6-64BBAB387E7B}"
EndProject
Project("{FAE04EC0-301F-11D3-BF4B-00C04F79EFBC}") = "BulkyBook.Utility", "Bulky.Utility\BulkyBook.Utility.csproj", "{B43DF1C1-24E1-4A4C-9AAB-E721FEC96E5B}"
EndProject
Project("{2150E333-8FDC-42A3-9474-1A3956D46DE8}") = "Solution Items", "Solution Items", "{02EA681E-C7D8-13C7-8484-4AC65E1B71E8}"
	ProjectSection(SolutionItems) = preProject
		.editorconfig = .editorconfig
	EndProjectSection
EndProject
Global
	GlobalSection(SolutionConfigurationPlatforms) = preSolution
		Debug|Any CPU = Debug|Any CPU
		Release|Any CPU = Release|Any CPU
	EndGlobalSection
	GlobalSection(ProjectConfigurationPlatforms) = postSolution
		{68E3AAA8-2E4B-4C37-96AC-13BCD7AB42CE}.Debug|Any CPU.ActiveCfg = Debug|Any CPU
		{68E3AAA8-2E4B-4C37-96AC-13BCD7AB42CE}.Debug|Any CPU.Build.0 = Debug|Any CPU
		{68E3AAA8-2E4B-4C37-96AC-13BCD7AB42CE}.Release|Any CPU.ActiveCfg = Release|Any CPU
		{68E3AAA8-2E4B-4C37-96AC-13BCD7AB42CE}.Release|Any CPU.Build.0 = Release|Any CPU
		{FA6CFE81-CC79-430E-BE1E-77100DB2838D}.Debug|Any CPU.ActiveCfg = Debug|Any CPU
		{FA6CFE81-CC79-430E-BE1E-77100DB2838D}.Debug|Any CPU.Build.0 = Debug|Any CPU
		{FA6CFE81-CC79-430E-BE1E-77100DB2838D}.Release|Any CPU.ActiveCfg = Release|Any CPU
		{FA6CFE81-CC79-430E-BE1E-77100DB2838D}.Release|Any CPU.Build.0 = Release|Any CPU
		{07B805C5-889E-4704-AAE6-64BBAB387E7B}.Debug|Any CPU.ActiveCfg = Debug|Any CPU
		{07B805C5-889E-4704-AAE6-64BBAB387E7B}.Debug|Any CPU.Build.0 = Debug|Any CPU
		{07B805C5-889E-4704-AAE6-64BBAB387E7B}.Release|Any CPU.ActiveCfg = Release|Any CPU
		{07B805C5-889E-4704-AAE6-64BBAB387E7B}.Release|Any CPU.Build.0 = Release|Any CPU
		{B43DF1C1-24E1-4A4C-9AAB-E721FEC96E5B}.Debug|Any CPU.ActiveCfg = Debug|Any CPU
		{B43DF1C1-24E1-4A4C-9AAB-E721FEC96E5B}.Debug|Any CPU.Build.0 = Debug|Any CPU
		{B43DF1C1-24E1-4A4C-9AAB-E721FEC96E5B}.Release|Any CPU.ActiveCfg = Release|Any CPU
		{B43DF1C1-24E1-4A4C-9AAB-E721FEC96E5B}.Release|Any CPU.Build.0 = Release|Any CPU
	EndGlobalSection
	GlobalSection(SolutionProperties) = preSolution
		HideSolutionNode = FALSE
	EndGlobalSection
	GlobalSection(ExtensibilityGlobals) = postSolution
		SolutionGuid = {F9FA2212-9B48-4CAC-92C6-7749C23295E9}
	EndGlobalSection
EndGlobal
